
Microsoft Visual Studio Solution File, Format Version 12.00
# Visual Studio 2015
Project("{FAE04EC0-301F-11D3-BF4B-00C04F79EFBC}") = "LaundroCat.CSharp", "LaundroCat.CSharp.csproj", "{FEC228C3-FD8E-C8B1-394C-AE2D75FF7F78}"
EndProject
Project("{FAE04EC0-301F-11D3-BF4B-00C04F79EFBC}") = "LaundroCat.CSharp.Editor", "LaundroCat.CSharp.Editor.csproj", "{B9F68C13-3268-80DD-0C0A-C66E92F2B43B}"
EndProject
Global
	GlobalSection(SolutionConfigurationPlatforms) = preSolution
		Debug|Any CPU = Debug|Any CPU
		Release|Any CPU = Release|Any CPU
	EndGlobalSection
	GlobalSection(ProjectConfigurationPlatforms) = postSolution
		{FEC228C3-FD8E-C8B1-394C-AE2D75FF7F78}.Debug|Any CPU.ActiveCfg = Debug|Any CPU
		{FEC228C3-FD8E-C8B1-394C-AE2D75FF7F78}.Debug|Any CPU.Build.0 = Debug|Any CPU
		{FEC228C3-FD8E-C8B1-394C-AE2D75FF7F78}.Release|Any CPU.ActiveCfg = Release|Any CPU
		{FEC228C3-FD8E-C8B1-394C-AE2D75FF7F78}.Release|Any CPU.Build.0 = Release|Any CPU
		{B9F68C13-3268-80DD-0C0A-C66E92F2B43B}.Debug|Any CPU.ActiveCfg = Debug|Any CPU
		{B9F68C13-3268-80DD-0C0A-C66E92F2B43B}.Debug|Any CPU.Build.0 = Debug|Any CPU
		{B9F68C13-3268-80DD-0C0A-C66E92F2B43B}.Release|Any CPU.ActiveCfg = Release|Any CPU
		{B9F68C13-3268-80DD-0C0A-C66E92F2B43B}.Release|Any CPU.Build.0 = Release|Any CPU
	EndGlobalSection
	GlobalSection(SolutionProperties) = preSolution
		HideSolutionNode = FALSE
	EndGlobalSection
EndGlobal
